Microsoft Visual Studio Solution File, Format Version 12.00
# Visual Studio Version 17
VisualStudioVersion = 17.5.2.0
MinimumVisualStudioVersion = 10.0.40219.1
Project("{FAE04EC0-301F-11D3-BF4B-00C04F79EFBC}") = "API", "API\API.csproj", "{CBFA08EA-AECE-205F-7B85-326FD0B81BAD}"
EndProject
Project("{FAE04EC0-301F-11D3-BF4B-00C04F79EFBC}") = "DAL", "DAL\DAL.csproj", "{97425105-A0F6-415E-BD17-3AE1C2CA917A}"
EndProject
Project("{FAE04EC0-301F-11D3-BF4B-00C04F79EFBC}") = "Business", "Business\Business.csproj", "{41D0CB5A-0AD1-404D-9BF4-4351F10893A5}"
EndProject
Project("{FAE04EC0-301F-11D3-BF4B-00C04F79EFBC}") = "Models", "Models\Models.csproj", "{BAAE7D10-BF34-4028-B323-E93C94EB723F}"
EndProject
Project("{FAE04EC0-301F-11D3-BF4B-00C04F79EFBC}") = "Test", "Test\Test.csproj", "{365CCE05-B19A-4AD6-BF9E-58ADCAD1E4CA}"
EndProject
Global
	GlobalSection(SolutionConfigurationPlatforms) = preSolution
		Debug|Any CPU = Debug|Any CPU
		Development|Any CPU = Development|Any CPU
		Release|Any CPU = Release|Any CPU
	EndGlobalSection
	GlobalSection(ProjectConfigurationPlatforms) = postSolution
		{CBFA08EA-AECE-205F-7B85-326FD0B81BAD}.Debug|Any CPU.ActiveCfg = Debug|Any CPU
		{CBFA08EA-AECE-205F-7B85-326FD0B81BAD}.Debug|Any CPU.Build.0 = Debug|Any CPU
		{CBFA08EA-AECE-205F-7B85-326FD0B81BAD}.Development|Any CPU.ActiveCfg = Development|Any CPU
		{CBFA08EA-AECE-205F-7B85-326FD0B81BAD}.Development|Any CPU.Build.0 = Development|Any CPU
		{CBFA08EA-AECE-205F-7B85-326FD0B81BAD}.Release|Any CPU.ActiveCfg = Release|Any CPU
		{CBFA08EA-AECE-205F-7B85-326FD0B81BAD}.Release|Any CPU.Build.0 = Release|Any CPU
		{97425105-A0F6-415E-BD17-3AE1C2CA917A}.Debug|Any CPU.ActiveCfg = Debug|Any CPU
		{97425105-A0F6-415E-BD17-3AE1C2CA917A}.Debug|Any CPU.Build.0 = Debug|Any CPU
		{97425105-A0F6-415E-BD17-3AE1C2CA917A}.Development|Any CPU.ActiveCfg = Release|Any CPU
		{97425105-A0F6-415E-BD17-3AE1C2CA917A}.Development|Any CPU.Build.0 = Release|Any CPU
		{97425105-A0F6-415E-BD17-3AE1C2CA917A}.Release|Any CPU.ActiveCfg = Release|Any CPU
		{97425105-A0F6-415E-BD17-3AE1C2CA917A}.Release|Any CPU.Build.0 = Release|Any CPU
		{41D0CB5A-0AD1-404D-9BF4-4351F10893A5}.Debug|Any CPU.ActiveCfg = Debug|Any CPU
		{41D0CB5A-0AD1-404D-9BF4-4351F10893A5}.Debug|Any CPU.Build.0 = Debug|Any CPU
		{41D0CB5A-0AD1-404D-9BF4-4351F10893A5}.Development|Any CPU.ActiveCfg = Release|Any CPU
		{41D0CB5A-0AD1-404D-9BF4-4351F10893A5}.Development|Any CPU.Build.0 = Release|Any CPU
		{41D0CB5A-0AD1-404D-9BF4-4351F10893A5}.Release|Any CPU.ActiveCfg = Release|Any CPU
		{41D0CB5A-0AD1-404D-9BF4-4351F10893A5}.Release|Any CPU.Build.0 = Release|Any CPU
		{BAAE7D10-BF34-4028-B323-E93C94EB723F}.Debug|Any CPU.ActiveCfg = Debug|Any CPU
		{BAAE7D10-BF34-4028-B323-E93C94EB723F}.Debug|Any CPU.Build.0 = Debug|Any CPU
		{BAAE7D10-BF34-4028-B323-E93C94EB723F}.Development|Any CPU.ActiveCfg = Release|Any CPU
		{BAAE7D10-BF34-4028-B323-E93C94EB723F}.Development|Any CPU.Build.0 = Release|Any CPU
		{BAAE7D10-BF34-4028-B323-E93C94EB723F}.Release|Any CPU.ActiveCfg = Release|Any CPU
		{BAAE7D10-BF34-4028-B323-E93C94EB723F}.Release|Any CPU.Build.0 = Release|Any CPU
		{365CCE05-B19A-4AD6-BF9E-58ADCAD1E4CA}.Debug|Any CPU.ActiveCfg = Debug|Any CPU
		{365CCE05-B19A-4AD6-BF9E-58ADCAD1E4CA}.Debug|Any CPU.Build.0 = Debug|Any CPU
		{365CCE05-B19A-4AD6-BF9E-58ADCAD1E4CA}.Development|Any CPU.ActiveCfg = Release|Any CPU
		{365CCE05-B19A-4AD6-BF9E-58ADCAD1E4CA}.Development|Any CPU.Build.0 = Release|Any CPU
		{365CCE05-B19A-4AD6-BF9E-58ADCAD1E4CA}.Release|Any CPU.ActiveCfg = Release|Any CPU
		{365CCE05-B19A-4AD6-BF9E-58ADCAD1E4CA}.Release|Any CPU.Build.0 = Release|Any CPU
	EndGlobalSection
	GlobalSection(SolutionProperties) = preSolution
		HideSolutionNode = FALSE
	EndGlobalSection
	GlobalSection(ExtensibilityGlobals) = postSolution
		SolutionGuid = {6549E95E-FA19-4E08-AB9C-F696E2E75345}
	EndGlobalSection
EndGlobal
